{
  "name": "backend",
  "lockfileVersion": 3,
  "requires": true,
  "packages": {
    "": {
      "dependencies": {
        "@stripe/stripe-js": "5.7.0"
      }
    },
    "node_modules/@stripe/stripe-js": {
      "version": "5.7.0",
      "resolved": "https://registry.npmjs.org/@stripe/stripe-js/-/stripe-js-5.7.0.tgz",
      "integrity": "sha512-9pCOK3AH75hDKPRyJm9PO5TA3aHZ/PVlIBOZwpi6mABxwr6mMIBjqgZEUThIE5zFEkOmaKXwxBgTsVKC29x+mQ==",
      "license": "MIT",
      "engines": {
        "node": ">=12.16"
      }
    }
  }
}
